{"1.1.0",
[{<<"accept">>,{pkg,<<"accept">>,<<"0.3.3">>},1},
 {<<"amqp_client">>,
  {git,"git://github.com/jbrisbin/amqp_client.git",
       {ref,"d50aec00b94f0766a048b4eceaf25ddfdeeb1d86"}},
  1},
 {<<"elli">>,{pkg,<<"elli">>,<<"1.0.5">>},0},
 {<<"eredis">>,{pkg,<<"eredis">>,<<"1.1.0">>},0},
 {<<"fast_xml">>,
  {git,"https://github.com/processone/fast_xml",
       {ref,"4fb4f1df0da4d10ca8c86c32aa84cb2229ac0b39"}},
  2},
 {<<"goldrush">>,{pkg,<<"goldrush">>,<<"0.1.9">>},1},
 {<<"jsone">>,{pkg,<<"jsone">>,<<"1.4.5">>},0},
 {<<"lager">>,{pkg,<<"lager">>,<<"3.5.1">>},0},
 {<<"p1_utils">>,{pkg,<<"p1_utils">>,<<"1.0.9">>},2},
 {<<"poolboy">>,{pkg,<<"poolboy">>,<<"1.5.1">>},0},
 {<<"prometheus">>,{pkg,<<"prometheus">>,<<"3.4.1">>},0},
 {<<"prometheus_httpd">>,{pkg,<<"prometheus_httpd">>,<<"2.1.4">>},0},
 {<<"rabbit_common">>,
  {git,"https://github.com/jbrisbin/rabbit_common.git",
       {ref,"80814606ae23cc820c74e443383e192cd69ec030"}},
  2},
 {<<"recon">>,{pkg,<<"recon">>,<<"2.3.2">>},0},
 {<<"snatch">>,
  {git,"https://github.com/manuel-rubio/snatch.git",
       {ref,"e8a886f2431bd7bd9ace66be607421a77d36ea97"}},
  0},
 {<<"stringprep">>,{pkg,<<"stringprep">>,<<"1.0.9">>},2},
 {<<"xmpp">>,
  {git,"git://github.com/manuel-rubio/xmpp.git",
       {ref,"c5b7770323d50630d0804b45a70c74c60bb6d42f"}},
  1}]}.
[
{pkg_hash,[
 {<<"accept">>, <<"548EBB6FB2E8B0D170E75BB6123AEA6CEECB0189BB1231EEADF52EAC08384A97">>},
 {<<"elli">>, <<"F0CB602511A772CC42D3556B86C1AFF4AF5D2844E89E5F6D08D57F276A7DB054">>},
 {<<"eredis">>, <<"8D8D74496F35216679B97726B75FB1C8715E99DD7F3EF9F9824A2264C3E0AAC0">>},
 {<<"goldrush">>, <<"F06E5D5F1277DA5C413E84D5A2924174182FB108DABB39D5EC548B27424CD106">>},
 {<<"lager">>, <<"63897A61AF646C59BB928FEE9756CE8BDD02D5A1A2F3551D4A5E38386C2CC071">>},
 {<<"p1_utils">>, <<"C33C230EFBEB4DCC02911161E3CB1A93231A92DF15E3FC97DE655A9271A26D9F">>},
 {<<"prometheus">>, <<"90C4F37670C4DC7DE9319A0C310BF12CB619715EBE285F583F3B46D955EE8F81">>},
 {<<"prometheus_httpd">>, <<"93A571725AAA34C3CD0CD99AD608D907B310A1E66FF24543FC2C7A7D010592CF">>},
 {<<"recon">>, <<"4444C879BE323B1B133EEC5241CB84BD3821EA194C740D75617E106BE4744318">>},
 {<<"stringprep">>, <<"9182BA39931CD1DB528B8883CAD0D63530ABE2BF21835D26CEC2F9AF8BC00BE0">>}]}
].
